
Microsoft Visual Studio Solution File, Format Version 12.00
# Visual Studio Version 16
VisualStudioVersion = 16.0.32002.261
MinimumVisualStudioVersion = 10.0.40219.1
Project("{FAE04EC0-301F-11D3-BF4B-00C04F79EFBC}") = "WebApiSwagger", "WebApiSwagger\WebApiSwagger.csproj", "{21006E31-FDAA-46C2-B171-D3CBF13D75B2}"
EndProject
Global
	GlobalSection(SolutionConfigurationPlatforms) = preSolution
		Debug|Any CPU = Debug|Any CPU
		Release|Any CPU = Release|Any CPU
	EndGlobalSection
	GlobalSection(ProjectConfigurationPlatforms) = postSolution
		{21006E31-FDAA-46C2-B171-D3CBF13D75B2}.Debug|Any CPU.ActiveCfg = Debug|Any CPU
		{21006E31-FDAA-46C2-B171-D3CBF13D75B2}.Debug|Any CPU.Build.0 = Debug|Any CPU
		{21006E31-FDAA-46C2-B171-D3CBF13D75B2}.Release|Any CPU.ActiveCfg = Release|Any CPU
		{21006E31-FDAA-46C2-B171-D3CBF13D75B2}.Release|Any CPU.Build.0 = Release|Any CPU
	EndGlobalSection
	GlobalSection(SolutionProperties) = preSolution
		HideSolutionNode = FALSE
	EndGlobalSection
	GlobalSection(ExtensibilityGlobals) = postSolution
		SolutionGuid = {1E7AE4A2-11AD-4EA6-895F-FC58875D97EB}
	EndGlobalSection
EndGlobal
